
Microsoft Visual Studio Solution File, Format Version 12.00
# Visual Studio Version 17
VisualStudioVersion = 17.4.33103.184
MinimumVisualStudioVersion = 10.0.40219.1
Project("{FAE04EC0-301F-11D3-BF4B-00C04F79EFBC}") = "TMWebMvc", "TMWebMvc\TMWebMvc.csproj", "{D83D3B5C-ED11-49B3-BF37-AF54149898A2}"
EndProject
Global
	GlobalSection(SolutionConfigurationPlatforms) = preSolution
		Debug|Any CPU = Debug|Any CPU
		Release|Any CPU = Release|Any CPU
	EndGlobalSection
	GlobalSection(ProjectConfigurationPlatforms) = postSolution
		{D83D3B5C-ED11-49B3-BF37-AF54149898A2}.Debug|Any CPU.ActiveCfg = Debug|Any CPU
		{D83D3B5C-ED11-49B3-BF37-AF54149898A2}.Debug|Any CPU.Build.0 = Debug|Any CPU
		{D83D3B5C-ED11-49B3-BF37-AF54149898A2}.Release|Any CPU.ActiveCfg = Release|Any CPU
		{D83D3B5C-ED11-49B3-BF37-AF54149898A2}.Release|Any CPU.Build.0 = Release|Any CPU
	EndGlobalSection
	GlobalSection(SolutionProperties) = preSolution
		HideSolutionNode = FALSE
	EndGlobalSection
	GlobalSection(ExtensibilityGlobals) = postSolution
		SolutionGuid = {96E23E56-2A22-4313-A4FC-B7F99A4D21E4}
	EndGlobalSection
EndGlobal
